// !$*UTF8*$!
{
	archiveVersion = 1;
	classes = {
	};
	objectVersion = 56;
	objects = {

/* Begin PBXBuildFile section */
		C001000000000000000000B1 /* Config.swift in Sources */ = {isa = PBXBuildFile; fileRef = C001000000000000000000A1 /* Config.swift */; };
		C001000000000000000000B2 /* SupabaseClient.swift in Sources */ = {isa = PBXBuildFile; fileRef = C001000000000000000000A2 /* SupabaseClient.swift */; };
		C001000000000000000000E1 /* Supabase in Frameworks */ = {isa = PBXBuildFile; productRef = C001000000000000000000D1 /* Supabase */; };
		E141C34E2FB35D290055D994 /* ConcertenApp.swift in Sources */ = {isa = PBXBuildFile; fileRef = E141C34D2FB35D290055D994 /* ConcertenApp.swift */; };
		E141C3502FB35D290055D994 /* ContentView.swift in Sources */ = {isa = PBXBuildFile; fileRef = E141C34F2FB35D290055D994 /* ContentView.swift */; };
		E141C3522FB35D2B0055D994 /* Assets.xcassets in Resources */ = {isa = PBXBuildFile; fileRef = E141C3512FB35D2B0055D994 /* Assets.xcassets */; };
		E141C3552FB35D2B0055D994 /* Preview Assets.xcassets in Resources */ = {isa = PBXBuildFile; fileRef = E141C3542FB35D2B0055D994 /* Preview Assets.xcassets */; };
		E141C35F2FB35D2C0055D994 /* ConcertenTests.swift in Sources */ = {isa = PBXBuildFile; fileRef = E141C35E2FB35D2C0055D994 /* ConcertenTests.swift */; };
		E141C3692FB35D2C0055D994 /* ConcertenUITests.swift in Sources */ = {isa = PBXBuildFile; fileRef = E141C3682FB35D2C0055D994 /* ConcertenUITests.swift */; };
		E141C36B2FB35D2C0055D994 /* ConcertenUITestsLaunchTests.swift in Sources */ = {isa = PBXBuildFile; fileRef = E141C36A2FB35D2C0055D994 /* ConcertenUITestsLaunchTests.swift */; };
/* End PBXBuildFile section */

/* Begin PBXContainerItemProxy section */
		E141C35B2FB35D2C0055D994 /* PBXContainerItemProxy */ = {
			isa = PBXContainerItemProxy;
			containerPortal = E141C3422FB35D290055D994 /* Project object */;
			proxyType = 1;
			remoteGlobalIDString = E141C3492FB35D290055D994;
			remoteInfo = Concerten;
		};
		E141C3652FB35D2C0055D994 /* PBXContainerItemProxy */ = {
			isa = PBXContainerItemProxy;
			containerPortal = E141C3422FB35D290055D994 /* Project object */;
			proxyType = 1;
			remoteGlobalIDString = E141C3492FB35D290055D994;
			remoteInfo = Concerten;
		};
/* End PBXContainerItemProxy section */

/* Begin PBXFileReference section */
		C001000000000000000000A1 /* Config.swift */ = {isa = PBXFileReference; lastKnownFileType = sourcecode.swift; path = Config.swift; sourceTree = "<group>"; };
		C001000000000000000000A2 /* SupabaseClient.swift */ = {isa = PBXFileReference; lastKnownFileType = sourcecode.swift; path = SupabaseClient.swift; sourceTree = "<group>"; };
		E141C34A2FB35D290055D994 /* Concerten.app */ = {isa = PBXFileReference; explicitFileType = wrapper.application; includeInIndex = 0; path = Concerten.app; sourceTree = BUILT_PRODUCTS_DIR; };
		E141C34D2FB35D290055D994 /* ConcertenApp.swift */ = {isa = PBXFileReference; lastKnownFileType = sourcecode.swift; path = ConcertenApp.swift; sourceTree = "<group>"; };
		E141C34F2FB35D290055D994 /* ContentView.swift */ = {isa = PBXFileReference; lastKnownFileType = sourcecode.swift; path = ContentView.swift; sourceTree = "<group>"; };
		E141C3512FB35D2B0055D994 /* Assets.xcassets */ = {isa = PBXFileReference; lastKnownFileType = folder.assetcatalog; path = Assets.xcassets; sourceTree = "<group>"; };
		E141C3542FB35D2B0055D994 /* Preview Assets.xcassets */ = {isa = PBXFileReference; lastKnownFileType = folder.assetcatalog; path = "Preview Assets.xcassets"; sourceTree = "<group>"; };
		E141C35A2FB35D2C0055D994 /* ConcertenTests.xctest */ = {isa = PBXFileReference; explicitFileType = wrapper.cfbundle; includeInIndex = 0; path = ConcertenTests.xctest; sourceTree = BUILT_PRODUCTS_DIR; };
		E141C35E2FB35D2C0055D994 /* ConcertenTests.swift */ = {isa = PBXFileReference; lastKnownFileType = sourcecode.swift; path = ConcertenTests.swift; sourceTree = "<group>"; };
		E141C3642FB35D2C0055D994 /* ConcertenUITests.xctest */ = {isa = PBXFileReference; explicitFileType = wrapper.cfbundle; includeInIndex = 0; path = ConcertenUITests.xctest; sourceTree = BUILT_PRODUCTS_DIR; };
		E141C3682FB35D2C0055D994 /* ConcertenUITests.swift */ = {isa = PBXFileReference; lastKnownFileType = sourcecode.swift; path = ConcertenUITests.swift; sourceTree = "<group>"; };
		E141C36A2FB35D2C0055D994 /* ConcertenUITestsLaunchTests.swift */ = {isa = PBXFileReference; lastKnownFileType = sourcecode.swift; path = ConcertenUITestsLaunchTests.swift; sourceTree = "<group>"; };
/* End PBXFileReference section */

/* Begin PBXFrameworksBuildPhase section */
		E141C3472FB35D290055D994 /* Frameworks */ = {
			isa = PBXFrameworksBuildPhase;
			buildActionMask = 2147483647;
			files = (
				C001000000000000000000E1 /* Supabase in Frameworks */,
			);
			runOnlyForDeploymentPostprocessing = 0;
		};
		E141C3572FB35D2C0055D994 /* Frameworks */ = {
			isa = PBXFrameworksBuildPhase;
			buildActionMask = 2147483647;
			files = (
			);
			runOnlyForDeploymentPostprocessing = 0;
		};
		E141C3612FB35D2C0055D994 /* Frameworks */ = {
			isa = PBXFrameworksBuildPhase;
			buildActionMask = 2147483647;
			files = (
			);
			runOnlyForDeploymentPostprocessing = 0;
		};
/* End PBXFrameworksBuildPhase section */

/* Begin PBXGroup section */
		E141C3412FB35D290055D994 = {
			isa = PBXGroup;
			children = (
				E141C34C2FB35D290055D994 /* Concerten */,
				E141C35D2FB35D2C0055D994 /* ConcertenTests */,
				E141C3672FB35D2C0055D994 /* ConcertenUITests */,
				E141C34B2FB35D290055D994 /* Products */,
			);
			sourceTree = "<group>";
		};
		E141C34B2FB35D290055D994 /* Products */ = {
			isa = PBXGroup;
			children = (
				E141C34A2FB35D290055D994 /* Concerten.app */,
				E141C35A2FB35D2C0055D994 /* ConcertenTests.xctest */,
				E141C3642FB35D2C0055D994 /* ConcertenUITests.xctest */,
			);
			name = Products;
			sourceTree = "<group>";
		};
		E141C34C2FB35D290055D994 /* Concerten */ = {
			isa = PBXGroup;
			children = (
				E141C34D2FB35D290055D994 /* ConcertenApp.swift */,
				E141C34F2FB35D290055D994 /* ContentView.swift */,
				C001000000000000000000A1 /* Config.swift */,
				C001000000000000000000A2 /* SupabaseClient.swift */,
				E141C3512FB35D2B0055D994 /* Assets.xcassets */,
				E141C3532FB35D2B0055D994 /* Preview Content */,
			);
			path = Concerten;
			sourceTree = "<group>";
		};
		E141C3532FB35D2B0055D994 /* Preview Content */ = {
			isa = PBXGroup;
			children = (
				E141C3542FB35D2B0055D994 /* Preview Assets.xcassets */,
			);
			path = "Preview Content";
			sourceTree = "<group>";
		};
		E141C35D2FB35D2C0055D994 /* ConcertenTests */ = {
			isa = PBXGroup;
			children = (
				E141C35E2FB35D2C0055D994 /* ConcertenTests.swift */,
			);
			path = ConcertenTests;
			sourceTree = "<group>";
		};
		E141C3672FB35D2C0055D994 /* ConcertenUITests */ = {
			isa = PBXGroup;
			children = (
				E141C3682FB35D2C0055D994 /* ConcertenUITests.swift */,
				E141C36A2FB35D2C0055D994 /* ConcertenUITestsLaunchTests.swift */,
			);
			path = ConcertenUITests;
			sourceTree = "<group>";
		};
/* End PBXGroup section */

/* Begin PBXNativeTarget section */
		E141C3492FB35D290055D994 /* Concerten */ = {
			isa = PBXNativeTarget;
			buildConfigurationList = E141C36E2FB35D2C0055D994 /* Build configuration list for PBXNativeTarget "Concerten" */;
			buildPhases = (
				E141C3462FB35D290055D994 /* Sources */,
				E141C3472FB35D290055D994 /* Frameworks */,
				E141C3482FB35D290055D994 /* Resources */,
			);
			buildRules = (
			);
			dependencies = (
			);
			name = Concerten;
			packageProductDependencies = (
				C001000000000000000000D1 /* Supabase */,
			);
			productName = Concerten;
			productReference = E141C34A2FB35D290055D994 /* Concerten.app */;
			productType = "com.apple.product-type.application";
		};
		E141C3592FB35D2C0055D994 /* ConcertenTests */ = {
			isa = PBXNativeTarget;
			buildConfigurationList = E141C3712FB35D2C0055D994 /* Build configuration list for PBXNativeTarget "ConcertenTests" */;
			buildPhases = (
				E141C3562FB35D2C0055D994 /* Sources */,
				E141C3572FB35D2C0055D994 /* Frameworks */,
				E141C3582FB35D2C0055D994 /* Resources */,
			);
			buildRules = (
			);
			dependencies = (
				E141C35C2FB35D2C0055D994 /* PBXTargetDependency */,
			);
			name = ConcertenTests;
			productName = ConcertenTests;
			productReference = E141C35A2FB35D2C0055D994 /* ConcertenTests.xctest */;
			productType = "com.apple.product-type.bundle.unit-test";
		};
		E141C3632FB35D2C0055D994 /* ConcertenUITests */ = {
			isa = PBXNativeTarget;
			buildConfigurationList = E141C3742FB35D2C0055D994 /* Build configuration list for PBXNativeTarget "ConcertenUITests" */;
			buildPhases = (
				E141C3602FB35D2C0055D994 /* Sources */,
				E141C3612FB35D2C0055D994 /* Frameworks */,
				E141C3622FB35D2C0055D994 /* Resources */,
			);
			buildRules = (
			);
			dependencies = (
				E141C3662FB35D2C0055D994 /* PBXTargetDependency */,
			);
			name = ConcertenUITests;
			productName = ConcertenUITests;
			productReference = E141C3642FB35D2C0055D994 /* ConcertenUITests.xctest */;
			productType = "com.apple.product-type.bundle.ui-testing";
		};
/* End PBXNativeTarget section */

/* Begin PBXProject section */
		E141C3422FB35D290055D994 /* Project object */ = {
			isa = PBXProject;
			attributes = {
				BuildIndependentTargetsInParallel = 1;
				LastSwiftUpdateCheck = 1540;
				LastUpgradeCheck = 1540;
				TargetAttributes = {
					E141C3492FB35D290055D994 = {
						CreatedOnToolsVersion = 15.4;
					};
					E141C3592FB35D2C0055D994 = {
						CreatedOnToolsVersion = 15.4;
						TestTargetID = E141C3492FB35D290055D994;
					};
					E141C3632FB35D2C0055D994 = {
						CreatedOnToolsVersion = 15.4;
						TestTargetID = E141C3492FB35D290055D994;
					};
				};
			};
			buildConfigurationList = E141C3452FB35D290055D994 /* Build configuration list for PBXProject "Concerten" */;
			compatibilityVersion = "Xcode 14.0";
			developmentRegion = en;
			hasScannedForEncodings = 0;
			knownRegions = (
				en,
				Base,
			);
			mainGroup = E141C3412FB35D290055D994;
			packageReferences = (
				C001000000000000000000C1 /* XCRemoteSwiftPackageReference "supabase-swift" */,
			);
			productRefGroup = E141C34B2FB35D290055D994 /* Products */;
			projectDirPath = "";
			projectRoot = "";
			targets = (
				E141C3492FB35D290055D994 /* Concerten */,
				E141C3592FB35D2C0055D994 /* ConcertenTests */,
				E141C3632FB35D2C0055D994 /* ConcertenUITests */,
			);
		};
/* End PBXProject section */

/* Begin PBXResourcesBuildPhase section */
		E141C3482FB35D290055D994 /* Resources */ = {
			isa = PBXResourcesBuildPhase;
			buildActionMask = 2147483647;
			files = (
				E141C3552FB35D2B0055D994 /* Preview Assets.xcassets in Resources */,
				E141C3522FB35D2B0055D994 /* Assets.xcassets in Resources */,
			);
			runOnlyForDeploymentPostprocessing = 0;
		};
		E141C3582FB35D2C0055D994 /* Resources */ = {
			isa = PBXResourcesBuildPhase;
			buildActionMask = 2147483647;
			files = (
			);
			runOnlyForDeploymentPostprocessing = 0;
		};
		E141C3622FB35D2C0055D994 /* Resources */ = {
			isa = PBXResourcesBuildPhase;
			buildActionMask = 2147483647;
			files = (
			);
			runOnlyForDeploymentPostprocessing = 0;
		};
/* End PBXResourcesBuildPhase section */

/* Begin PBXSourcesBuildPhase section */
		E141C3462FB35D290055D994 /* Sources */ = {
			isa = PBXSourcesBuildPhase;
			buildActionMask = 2147483647;
			files = (
				E141C3502FB35D290055D994 /* ContentView.swift in Sources */,
				E141C34E2FB35D290055D994 /* ConcertenApp.swift in Sources */,
				C001000000000000000000B1 /* Config.swift in Sources */,
				C001000000000000000000B2 /* SupabaseClient.swift in Sources */,
			);
			runOnlyForDeploymentPostprocessing = 0;
		};
		E141C3562FB35D2C0055D994 /* Sources */ = {
			isa = PBXSourcesBuildPhase;
			buildActionMask = 2147483647;
			files = (
				E141C35F2FB35D2C0055D994 /* ConcertenTests.swift in Sources */,
			);
			runOnlyForDeploymentPostprocessing = 0;
		};
		E141C3602FB35D2C0055D994 /* Sources */ = {
			isa = PBXSourcesBuildPhase;
			buildActionMask = 2147483647;
			files = (
				E141C36B2FB35D2C0055D994 /* ConcertenUITestsLaunchTests.swift in Sources */,
				E141C3692FB35D2C0055D994 /* ConcertenUITests.swift in Sources */,
			);
			runOnlyForDeploymentPostprocessing = 0;
		};
/* End PBXSourcesBuildPhase section */

/* Begin PBXTargetDependency section */
		E141C35C2FB35D2C0055D994 /* PBXTargetDependency */ = {
			isa = PBXTargetDependency;
			target = E141C3492FB35D290055D994 /* Concerten */;
			targetProxy = E141C35B2FB35D2C0055D994 /* PBXContainerItemProxy */;
		};
		E141C3662FB35D2C0055D994 /* PBXTargetDependency */ = {
			isa = PBXTargetDependency;
			target = E141C3492FB35D290055D994 /* Concerten */;
			targetProxy = E141C3652FB35D2C0055D994 /* PBXContainerItemProxy */;
		};
/* End PBXTargetDependency section */

/* Begin XCBuildConfiguration section */
		E141C36C2FB35D2C0055D994 /* Debug */ = {
			isa = XCBuildConfiguration;
			buildSettings = {
				ALWAYS_SEARCH_USER_PATHS = NO;
				ASSETCATALOG_COMPILER_GENERATE_SWIFT_ASSET_SYMBOL_EXTENSIONS = YES;
				CLANG_ANALYZER_NONNULL = YES;
				CLANG_ANALYZER_NUMBER_OBJECT_CONVERSION = YES_AGGRESSIVE;
				CLANG_CXX_LANGUAGE_STANDARD = "gnu++20";
				CLANG_ENABLE_MODULES = YES;
				CLANG_ENABLE_OBJC_ARC = YES;
				CLANG_ENABLE_OBJC_WEAK = YES;
				CLANG_WARN_BLOCK_CAPTURE_AUTORELEASING = YES;
				CLANG_WARN_BOOL_CONVERSION = YES;
				CLANG_WARN_COMMA = YES;
				CLANG_WARN_CONSTANT_CONVERSION = YES;
				CLANG_WARN_DEPRECATED_OBJC_IMPLEMENTATIONS = YES;
				CLANG_WARN_DIRECT_OBJC_ISA_USAGE = YES_ERROR;
				CLANG_WARN_DOCUMENTATION_COMMENTS = YES;
				CLANG_WARN_EMPTY_BODY = YES;
				CLANG_WARN_ENUM_CONVERSION = YES;
				CLANG_WARN_INFINITE_RECURSION = YES;
				CLANG_WARN_INT_CONVERSION = YES;
				CLANG_WARN_NON_LITERAL_NULL_CONVERSION = YES;
				CLANG_WARN_OBJC_IMPLICIT_RETAIN_SELF = YES;
				CLANG_WARN_OBJC_LITERAL_CONVERSION = YES;
				CLANG_WARN_OBJC_ROOT_CLASS = YES_ERROR;
				CLANG_WARN_QUOTED_INCLUDE_IN_FRAMEWORK_HEADER = YES;
				CLANG_WARN_RANGE_LOOP_ANALYSIS = YES;
				CLANG_WARN_STRICT_PROTOTYPES = YES;
				CLANG_WARN_SUSPICIOUS_MOVE = YES;
				CLANG_WARN_UNGUARDED_AVAILABILITY = YES_AGGRESSIVE;
				CLANG_WARN_UNREACHABLE_CODE = YES;
				CLANG_WARN__DUPLICATE_METHOD_MATCH = YES;
				COPY_PHASE_STRIP = NO;
				DEBUG_INFORMATION_FORMAT = dwarf;
				ENABLE_STRICT_OBJC_MSGSEND = YES;
				ENABLE_TESTABILITY = YES;
				ENABLE_USER_SCRIPT_SANDBOXING = YES;
				GCC_C_LANGUAGE_STANDARD = gnu17;
				GCC_DYNAMIC_NO_PIC = NO;
				GCC_NO_COMMON_BLOCKS = YES;
				GCC_OPTIMIZATION_LEVEL = 0;
				GCC_PREPROCESSOR_DEFINITIONS = (
					"DEBUG=1",
					"$(inherited)",
				);
				GCC_WARN_64_TO_32_BIT_CONVERSION = YES;
				GCC_WARN_ABOUT_RETURN_TYPE = YES_ERROR;
				GCC_WARN_UNDECLARED_SELECTOR = YES;
				GCC_WARN_UNINITIALIZED_AUTOS = YES_AGGRESSIVE;
				GCC_WARN_UNUSED_FUNCTION = YES;
				GCC_WARN_UNUSED_VARIABLE = YES;
				IPHONEOS_DEPLOYMENT_TARGET = 17.5;
				LOCALIZATION_PREFERS_STRING_CATALOGS = YES;
				MTL_ENABLE_DEBUG_INFO = INCLUDE_SOURCE;
				MTL_FAST_MATH = YES;
				ONLY_ACTIVE_ARCH = YES;
				SDKROOT = iphoneos;
				SWIFT_ACTIVE_COMPILATION_CONDITIONS = "DEBUG $(inherited)";
				SWIFT_OPTIMIZATION_LEVEL = "-Onone";
			};
			name = Debug;
		};
		E141C36D2FB35D2C0055D994 /* Release */ = {
			isa = XCBuildConfiguration;
			buildSettings = {
				ALWAYS_SEARCH_USER_PATHS = NO;
				ASSETCATALOG_COMPILER_GENERATE_SWIFT_ASSET_SYMBOL_EXTENSIONS = YES;
				CLANG_ANALYZER_NONNULL = YES;
				CLANG_ANALYZER_NUMBER_OBJECT_CONVERSION = YES_AGGRESSIVE;
				CLANG_CXX_LANGUAGE_STANDARD = "gnu++20";
				CLANG_ENABLE_MODULES = YES;
				CLANG_ENABLE_OBJC_ARC = YES;
				CLANG_ENABLE_OBJC_WEAK = YES;
				CLANG_WARN_BLOCK_CAPTURE_AUTORELEASING = YES;
				CLANG_WARN_BOOL_CONVERSION = YES;
				CLANG_WARN_COMMA = YES;
				CLANG_WARN_CONSTANT_CONVERSION = YES;
				CLANG_WARN_DEPRECATED_OBJC_IMPLEMENTATIONS = YES;
				CLANG_WARN_DIRECT_OBJC_ISA_USAGE = YES_ERROR;
				CLANG_WARN_DOCUMENTATION_COMMENTS = YES;
				CLANG_WARN_EMPTY_BODY = YES;
				CLANG_WARN_ENUM_CONVERSION = YES;
				CLANG_WARN_INFINITE_RECURSION = YES;
				CLANG_WARN_INT_CONVERSION = YES;
				CLANG_WARN_NON_LITERAL_NULL_CONVERSION = YES;
				CLANG_WARN_OBJC_IMPLICIT_RETAIN_SELF = YES;
				CLANG_WARN_OBJC_LITERAL_CONVERSION = YES;
				CLANG_WARN_OBJC_ROOT_CLASS = YES_ERROR;
				CLANG_WARN_QUOTED_INCLUDE_IN_FRAMEWORK_HEADER = YES;
				CLANG_WARN_RANGE_LOOP_ANALYSIS = YES;
				CLANG_WARN_STRICT_PROTOTYPES = YES;
				CLANG_WARN_SUSPICIOUS_MOVE = YES;
				CLANG_WARN_UNGUARDED_AVAILABILITY = YES_AGGRESSIVE;
				CLANG_WARN_UNREACHABLE_CODE = YES;
				CLANG_WARN__DUPLICATE_METHOD_MATCH = YES;
				COPY_PHASE_STRIP = NO;
				DEBUG_INFORMATION_FORMAT = "dwarf-with-dsym";
				ENABLE_NS_ASSERTIONS = NO;
				ENABLE_STRICT_OBJC_MSGSEND = YES;
				ENABLE_USER_SCRIPT_SANDBOXING = YES;
				GCC_C_LANGUAGE_STANDARD = gnu17;
				GCC_NO_COMMON_BLOCKS = YES;
				GCC_WARN_64_TO_32_BIT_CONVERSION = YES;
				GCC_WARN_ABOUT_RETURN_TYPE = YES_ERROR;
				GCC_WARN_UNDECLARED_SELECTOR = YES;
				GCC_WARN_UNINITIALIZED_AUTOS = YES_AGGRESSIVE;
				GCC_WARN_UNUSED_FUNCTION = YES;
				GCC_WARN_UNUSED_VARIABLE = YES;
				IPHONEOS_DEPLOYMENT_TARGET = 17.5;
				LOCALIZATION_PREFERS_STRING_CATALOGS = YES;
				MTL_ENABLE_DEBUG_INFO = NO;
				MTL_FAST_MATH = YES;
				SDKROOT = iphoneos;
				SWIFT_COMPILATION_MODE = wholemodule;
				VALIDATE_PRODUCT = YES;
			};
			name = Release;
		};
		E141C36F2FB35D2C0055D994 /* Debug */ = {
			isa = XCBuildConfiguration;
			buildSettings = {
				ASSETCATALOG_COMPILER_APPICON_NAME = AppIcon;
				ASSETCATALOG_COMPILER_GLOBAL_ACCENT_COLOR_NAME = AccentColor;
				CODE_SIGN_STYLE = Automatic;
				CURRENT_PROJECT_VERSION = 1;
				DEVELOPMENT_ASSET_PATHS = "\"Concerten/Preview Content\"";
				ENABLE_PREVIEWS = YES;
				GENERATE_INFOPLIST_FILE = YES;
				INFOPLIST_KEY_UIApplicationSceneManifest_Generation = YES;
				INFOPLIST_KEY_UIApplicationSupportsIndirectInputEvents = YES;
				INFOPLIST_KEY_UILaunchScreen_Generation = YES;
				INFOPLIST_KEY_UISupportedInterfaceOrientations_iPad = "UIInterfaceOrientationPortrait UIInterfaceOrientationPortraitUpsideDown UIInterfaceOrientationLandscapeLeft UIInterfaceOrientationLandscapeRight";
				INFOPLIST_KEY_UISupportedInterfaceOrientations_iPhone = "UIInterfaceOrientationPortrait UIInterfaceOrientationLandscapeLeft UIInterfaceOrientationLandscapeRight";
				LD_RUNPATH_SEARCH_PATHS = (
					"$(inherited)",
					"@executable_path/Frameworks",
				);
				MARKETING_VERSION = 1.0;
				PRODUCT_BUNDLE_IDENTIFIER = nl.casdenbraber.Concerten;
				PRODUCT_NAME = "$(TARGET_NAME)";
				SWIFT_EMIT_LOC_STRINGS = YES;
				SWIFT_VERSION = 5.0;
				TARGETED_DEVICE_FAMILY = "1,2";
			};
			name = Debug;
		};
		E141C3702FB35D2C0055D994 /* Release */ = {
			isa = XCBuildConfiguration;
			buildSettings = {
				ASSETCATALOG_COMPILER_APPICON_NAME = AppIcon;
				ASSETCATALOG_COMPILER_GLOBAL_ACCENT_COLOR_NAME = AccentColor;
				CODE_SIGN_STYLE = Automatic;
				CURRENT_PROJECT_VERSION = 1;
				DEVELOPMENT_ASSET_PATHS = "\"Concerten/Preview Content\"";
				ENABLE_PREVIEWS = YES;
				GENERATE_INFOPLIST_FILE = YES;
				INFOPLIST_KEY_UIApplicationSceneManifest_Generation = YES;
				INFOPLIST_KEY_UIApplicationSupportsIndirectInputEvents = YES;
				INFOPLIST_KEY_UILaunchScreen_Generation = YES;
				INFOPLIST_KEY_UISupportedInterfaceOrientations_iPad = "UIInterfaceOrientationPortrait UIInterfaceOrientationPortraitUpsideDown UIInterfaceOrientationLandscapeLeft UIInterfaceOrientationLandscapeRight";
				INFOPLIST_KEY_UISupportedInterfaceOrientations_iPhone = "UIInterfaceOrientationPortrait UIInterfaceOrientationLandscapeLeft UIInterfaceOrientationLandscapeRight";
				LD_RUNPATH_SEARCH_PATHS = (
					"$(inherited)",
					"@executable_path/Frameworks",
				);
				MARKETING_VERSION = 1.0;
				PRODUCT_BUNDLE_IDENTIFIER = nl.casdenbraber.Concerten;
				PRODUCT_NAME = "$(TARGET_NAME)";
				SWIFT_EMIT_LOC_STRINGS = YES;
				SWIFT_VERSION = 5.0;
				TARGETED_DEVICE_FAMILY = "1,2";
			};
			name = Release;
		};
		E141C3722FB35D2C0055D994 /* Debug */ = {
			isa = XCBuildConfiguration;
			buildSettings = {
				ALWAYS_EMBED_SWIFT_STANDARD_LIBRARIES = YES;
				BUNDLE_LOADER = "$(TEST_HOST)";
				CODE_SIGN_STYLE = Automatic;
				CURRENT_PROJECT_VERSION = 1;
				GENERATE_INFOPLIST_FILE = YES;
				IPHONEOS_DEPLOYMENT_TARGET = 17.5;
				MARKETING_VERSION = 1.0;
				PRODUCT_BUNDLE_IDENTIFIER = nl.casdenbraber.ConcertenTests;
				PRODUCT_NAME = "$(TARGET_NAME)";
				SWIFT_EMIT_LOC_STRINGS = NO;
				SWIFT_VERSION = 5.0;
				TARGETED_DEVICE_FAMILY = "1,2";
				TEST_HOST = "$(BUILT_PRODUCTS_DIR)/Concerten.app/$(BUNDLE_EXECUTABLE_FOLDER_PATH)/Concerten";
			};
			name = Debug;
		};
		E141C3732FB35D2C0055D994 /* Release */ = {
			isa = XCBuildConfiguration;
			buildSettings = {
				ALWAYS_EMBED_SWIFT_STANDARD_LIBRARIES = YES;
				BUNDLE_LOADER = "$(TEST_HOST)";
				CODE_SIGN_STYLE = Automatic;
				CURRENT_PROJECT_VERSION = 1;
				GENERATE_INFOPLIST_FILE = YES;
				IPHONEOS_DEPLOYMENT_TARGET = 17.5;
				MARKETING_VERSION = 1.0;
				PRODUCT_BUNDLE_IDENTIFIER = nl.casdenbraber.ConcertenTests;
				PRODUCT_NAME = "$(TARGET_NAME)";
				SWIFT_EMIT_LOC_STRINGS = NO;
				SWIFT_VERSION = 5.0;
				TARGETED_DEVICE_FAMILY = "1,2";
				TEST_HOST = "$(BUILT_PRODUCTS_DIR)/Concerten.app/$(BUNDLE_EXECUTABLE_FOLDER_PATH)/Concerten";
			};
			name = Release;
		};
		E141C3752FB35D2C0055D994 /* Debug */ = {
			isa = XCBuildConfiguration;
			buildSettings = {
				ALWAYS_EMBED_SWIFT_STANDARD_LIBRARIES = YES;
				CODE_SIGN_STYLE = Automatic;
				CURRENT_PROJECT_VERSION = 1;
				GENERATE_INFOPLIST_FILE = YES;
				MARKETING_VERSION = 1.0;
				PRODUCT_BUNDLE_IDENTIFIER = nl.casdenbraber.ConcertenUITests;
				PRODUCT_NAME = "$(TARGET_NAME)";
				SWIFT_EMIT_LOC_STRINGS = NO;
				SWIFT_VERSION = 5.0;
				TARGETED_DEVICE_FAMILY = "1,2";
				TEST_TARGET_NAME = Concerten;
			};
			name = Debug;
		};
		E141C3762FB35D2C0055D994 /* Release */ = {
			isa = XCBuildConfiguration;
			buildSettings = {
				ALWAYS_EMBED_SWIFT_STANDARD_LIBRARIES = YES;
				CODE_SIGN_STYLE = Automatic;
				CURRENT_PROJECT_VERSION = 1;
				GENERATE_INFOPLIST_FILE = YES;
				MARKETING_VERSION = 1.0;
				PRODUCT_BUNDLE_IDENTIFIER = nl.casdenbraber.ConcertenUITests;
				PRODUCT_NAME = "$(TARGET_NAME)";
				SWIFT_EMIT_LOC_STRINGS = NO;
				SWIFT_VERSION = 5.0;
				TARGETED_DEVICE_FAMILY = "1,2";
				TEST_TARGET_NAME = Concerten;
			};
			name = Release;
		};
/* End XCBuildConfiguration section */

/* Begin XCConfigurationList section */
		E141C3452FB35D290055D994 /* Build configuration list for PBXProject "Concerten" */ = {
			isa = XCConfigurationList;
			buildConfigurations = (
				E141C36C2FB35D2C0055D994 /* Debug */,
				E141C36D2FB35D2C0055D994 /* Release */,
			);
			defaultConfigurationIsVisible = 0;
			defaultConfigurationName = Release;
		};
		E141C36E2FB35D2C0055D994 /* Build configuration list for PBXNativeTarget "Concerten" */ = {
			isa = XCConfigurationList;
			buildConfigurations = (
				E141C36F2FB35D2C0055D994 /* Debug */,
				E141C3702FB35D2C0055D994 /* Release */,
			);
			defaultConfigurationIsVisible = 0;
			defaultConfigurationName = Release;
		};
		E141C3712FB35D2C0055D994 /* Build configuration list for PBXNativeTarget "ConcertenTests" */ = {
			isa = XCConfigurationList;
			buildConfigurations = (
				E141C3722FB35D2C0055D994 /* Debug */,
				E141C3732FB35D2C0055D994 /* Release */,
			);
			defaultConfigurationIsVisible = 0;
			defaultConfigurationName = Release;
		};
		E141C3742FB35D2C0055D994 /* Build configuration list for PBXNativeTarget "ConcertenUITests" */ = {
			isa = XCConfigurationList;
			buildConfigurations = (
				E141C3752FB35D2C0055D994 /* Debug */,
				E141C3762FB35D2C0055D994 /* Release */,
			);
			defaultConfigurationIsVisible = 0;
			defaultConfigurationName = Release;
		};
/* End XCConfigurationList section */

/* Begin XCRemoteSwiftPackageReference section */
		C001000000000000000000C1 /* XCRemoteSwiftPackageReference "supabase-swift" */ = {
			isa = XCRemoteSwiftPackageReference;
			repositoryURL = "https://github.com/supabase/supabase-swift";
			requirement = {
				kind = upToNextMajorVersion;
				minimumVersion = 2.46.0;
			};
		};
/* End XCRemoteSwiftPackageReference section */

/* Begin XCSwiftPackageProductDependency section */
		C001000000000000000000D1 /* Supabase */ = {
			isa = XCSwiftPackageProductDependency;
			package = C001000000000000000000C1 /* XCRemoteSwiftPackageReference "supabase-swift" */;
			productName = Supabase;
		};
/* End XCSwiftPackageProductDependency section */
	};
	rootObject = E141C3422FB35D290055D994 /* Project object */;
}
